
Microsoft Visual Studio Solution File, Format Version 12.00
# Visual Studio Version 17
VisualStudioVersion = 17.5.33424.131
MinimumVisualStudioVersion = 10.0.40219.1
Project("{9A19103F-16F7-4668-BE54-9A1E7A4F7556}") = "FoodieFinderPasswordRecoveryServer", "FoodieFinderPasswordRecoveryServer\FoodieFinderPasswordRecoveryServer.csproj", "{0DA20D31-8A24-4A06-8AEA-80734806BF31}"
EndProject
Global
	GlobalSection(SolutionConfigurationPlatforms) = preSolution
		Debug|Any CPU = Debug|Any CPU
		Release|Any CPU = Release|Any CPU
	EndGlobalSection
	GlobalSection(ProjectConfigurationPlatforms) = postSolution
		{0DA20D31-8A24-4A06-8AEA-80734806BF31}.Debug|Any CPU.ActiveCfg = Debug|Any CPU
		{0DA20D31-8A24-4A06-8AEA-80734806BF31}.Debug|Any CPU.Build.0 = Debug|Any CPU
		{0DA20D31-8A24-4A06-8AEA-80734806BF31}.Release|Any CPU.ActiveCfg = Release|Any CPU
		{0DA20D31-8A24-4A06-8AEA-80734806BF31}.Release|Any CPU.Build.0 = Release|Any CPU
	EndGlobalSection
	GlobalSection(SolutionProperties) = preSolution
		HideSolutionNode = FALSE
	EndGlobalSection
	GlobalSection(ExtensibilityGlobals) = postSolution
		SolutionGuid = {48857EC5-0D10-4D6A-B218-B81AC2228CEC}
	EndGlobalSection
EndGlobal
